schema: '2.0'
stages:
  data_ingestion:
    cmd: python src/data_ingestion.py
    deps:
    - path: src/data_ingestion.py
      hash: md5
      md5: 1110e6b5bc2a6a83529526b06d83d3b6
      size: 3633
    params:
      params.yaml:
        data_ingestion.test_size: 0.3
    outs:
    - path: data/raw
      hash: md5
      md5: 56ec6f9a2cacd9aaeb1ef0b4630df4a9.dir
      size: 34941638
      nfiles: 2
  data_preprocessing:
    cmd: python src/data_preprocessing.py
    deps:
    - path: data/raw
      hash: md5
      md5: 56ec6f9a2cacd9aaeb1ef0b4630df4a9.dir
      size: 34941638
      nfiles: 2
    - path: src/data_preprocessing.py
      hash: md5
      md5: 6a1148fe4b6cceb220334d91e51c0efa
      size: 4036
    outs:
    - path: data/interim
      hash: md5
      md5: 6c630e978bcffdfb87aafd6313aa5e04.dir
      size: 71174028
      nfiles: 2
  feature_engineering:
    cmd: python src/feature_engineering.py
    deps:
    - path: data/interim
      hash: md5
      md5: 6c630e978bcffdfb87aafd6313aa5e04.dir
      size: 71174028
      nfiles: 2
    - path: src/feature_engineering.py
      hash: md5
      md5: 3313720b1a9bbf3d1cebf2950bd5447d
      size: 4361
    outs:
    - path: data/processed
      hash: md5
      md5: 6c5974ffddbbb8162c4091bc1f27e669.dir
      size: 103519059
      nfiles: 2
  model_building:
    cmd: python src/model_building.py
    deps:
    - path: data/processed
      hash: md5
      md5: 6c5974ffddbbb8162c4091bc1f27e669.dir
      size: 103519059
      nfiles: 2
    - path: src/model_building.py
      hash: md5
      md5: f5d95595b89ea50319b7bb47e553c4e5
      size: 4566
    params:
      params.yaml:
        model_building.bootstrap: true
        model_building.max_depth:
        model_building.max_samples: 0.8
        model_building.min_samples_leaf: 2
        model_building.min_samples_split: 4
        model_building.n_estimators: 500
    outs:
    - path: models/model.pkl
      hash: md5
      md5: dd2e1982394354f18931bc304f25dba6
      size: 1098652954
  model_evaluation:
    cmd: python src/model_evaluation.py
    deps:
    - path: models/model.pkl
      hash: md5
      md5: dd2e1982394354f18931bc304f25dba6
      size: 1098652954
    - path: src/model_evaluation.py
      hash: md5
      md5: 292b72654cd911477ca7fb38c9436f88
      size: 4790
    outs:
    - path: reports/metrics.json
      hash: md5
      md5: b5f79e206057421ac62da8eba17e4d65
      size: 101
