schema: '2.0'
stages:
  data_ingestion:
    cmd: python src/data_ingestion.py
    deps:
    - path: src/data_ingestion.py
      hash: md5
      md5: 43356649211b7255bb7de387f862a26d
      size: 3565
    params:
      params.yaml:
        data_ingestion.test_size: 0.2
    outs:
    - path: data/raw
      hash: md5
      md5: 67168a39e61b49416c59bfa6fdc65f2a.dir
      size: 34941638
      nfiles: 2
  data_preprocessing:
    cmd: python src/data_preprocessing.py
    deps:
    - path: data/raw
      hash: md5
      md5: 67168a39e61b49416c59bfa6fdc65f2a.dir
      size: 34941638
      nfiles: 2
    - path: src/data_preprocessing.py
      hash: md5
      md5: 6a1148fe4b6cceb220334d91e51c0efa
      size: 4036
    outs:
    - path: data/interim
      hash: md5
      md5: c9d550069d799193568d8a3f2f7d1d5d.dir
      size: 71227092
      nfiles: 2
  feature_engineering:
    cmd: python src/feature_engineering.py
    deps:
    - path: data/interim
      hash: md5
      md5: c9d550069d799193568d8a3f2f7d1d5d.dir
      size: 71227092
      nfiles: 2
    - path: src/feature_engineering.py
      hash: md5
      md5: 3313720b1a9bbf3d1cebf2950bd5447d
      size: 4361
    params:
      params.yaml:
        feature_engineering.max_features: 35
    outs:
    - path: data/processed
      hash: md5
      md5: 022e3d4e8089a3626198d07ac3dda8a6.dir
      size: 103503275
      nfiles: 2
  model_building:
    cmd: python src/model_building.py
    deps:
    - path: data/processed
      hash: md5
      md5: 022e3d4e8089a3626198d07ac3dda8a6.dir
      size: 103503275
      nfiles: 2
    - path: src/model_building.py
      hash: md5
      md5: 950cca1f4461c6e00dca26b926531377
      size: 4611
    params:
      params.yaml:
        model_building.n_estimators: 22
        model_building.random_state: 2
    outs:
    - path: models/model.pkl
      hash: md5
      md5: b61e11f99a51fa52759f248c30cba514
      size: 932100520
  model_evaluation:
    cmd: python src/model_evaluation.py
    deps:
    - path: models/model.pkl
      hash: md5
      md5: b61e11f99a51fa52759f248c30cba514
      size: 932100520
    - path: src/model_evaluation.py
      hash: md5
      md5: d272b4499daca873224e8828583bf6d8
      size: 4050
    outs:
    - path: reports/metrics.json
      hash: md5
      md5: 4823449ae1d94c2074f87c2cab814a3e
      size: 102
